
Microsoft Visual Studio Solution File, Format Version 11.00
# Visual Studio 2010
Project("{FAE04EC0-301F-11D3-BF4B-00C04F79EFBC}") = "SpecialSquadvsZombies", "Assembly-CSharp.csproj", "{40160E3E-DAE5-8703-3D2B-278A7E0CBB16}"
EndProject
Project("{FAE04EC0-301F-11D3-BF4B-00C04F79EFBC}") = "SpecialSquadvsZombies", "Assembly-CSharp-Editor.csproj", "{713FBA4E-5BCC-8C8A-4586-5FB7ABF0F1C4}"
EndProject
Global
	GlobalSection(SolutionConfigurationPlatforms) = preSolution
		Debug|Any CPU = Debug|Any CPU
		Release|Any CPU = Release|Any CPU
	EndGlobalSection
	GlobalSection(ProjectConfigurationPlatforms) = postSolution
		{40160E3E-DAE5-8703-3D2B-278A7E0CBB16}.Debug|Any CPU.ActiveCfg = Debug|Any CPU
		{40160E3E-DAE5-8703-3D2B-278A7E0CBB16}.Debug|Any CPU.Build.0 = Debug|Any CPU
		{40160E3E-DAE5-8703-3D2B-278A7E0CBB16}.Release|Any CPU.ActiveCfg = Release|Any CPU
		{40160E3E-DAE5-8703-3D2B-278A7E0CBB16}.Release|Any CPU.Build.0 = Release|Any CPU
		{713FBA4E-5BCC-8C8A-4586-5FB7ABF0F1C4}.Debug|Any CPU.ActiveCfg = Debug|Any CPU
		{713FBA4E-5BCC-8C8A-4586-5FB7ABF0F1C4}.Debug|Any CPU.Build.0 = Debug|Any CPU
		{713FBA4E-5BCC-8C8A-4586-5FB7ABF0F1C4}.Release|Any CPU.ActiveCfg = Release|Any CPU
		{713FBA4E-5BCC-8C8A-4586-5FB7ABF0F1C4}.Release|Any CPU.Build.0 = Release|Any CPU
	EndGlobalSection
	GlobalSection(SolutionProperties) = preSolution
		HideSolutionNode = FALSE
	EndGlobalSection
	GlobalSection(MonoDevelopProperties) = preSolution
		StartupItem = Assembly-CSharp.csproj
	EndGlobalSection
EndGlobal
