
Microsoft Visual Studio Solution File, Format Version 11.00
# Visual Studio 2010
Project("{FAE04EC0-301F-11D3-BF4B-00C04F79EFBC}") = "wave_survival_zombie_game", "Assembly-CSharp.csproj", "{11B34F0C-F6C2-FF46-BD44-4F6A55CF5F40}"
EndProject
Project("{FAE04EC0-301F-11D3-BF4B-00C04F79EFBC}") = "wave_survival_zombie_game", "Assembly-CSharp-Editor.csproj", "{CD4DB66A-F853-9FC3-D43E-CAF3A9C5CCAD}"
EndProject
Global
	GlobalSection(SolutionConfigurationPlatforms) = preSolution
		Debug|Any CPU = Debug|Any CPU
		Release|Any CPU = Release|Any CPU
	EndGlobalSection
	GlobalSection(ProjectConfigurationPlatforms) = postSolution
		{11B34F0C-F6C2-FF46-BD44-4F6A55CF5F40}.Debug|Any CPU.ActiveCfg = Debug|Any CPU
		{11B34F0C-F6C2-FF46-BD44-4F6A55CF5F40}.Debug|Any CPU.Build.0 = Debug|Any CPU
		{11B34F0C-F6C2-FF46-BD44-4F6A55CF5F40}.Release|Any CPU.ActiveCfg = Release|Any CPU
		{11B34F0C-F6C2-FF46-BD44-4F6A55CF5F40}.Release|Any CPU.Build.0 = Release|Any CPU
		{CD4DB66A-F853-9FC3-D43E-CAF3A9C5CCAD}.Debug|Any CPU.ActiveCfg = Debug|Any CPU
		{CD4DB66A-F853-9FC3-D43E-CAF3A9C5CCAD}.Debug|Any CPU.Build.0 = Debug|Any CPU
		{CD4DB66A-F853-9FC3-D43E-CAF3A9C5CCAD}.Release|Any CPU.ActiveCfg = Release|Any CPU
		{CD4DB66A-F853-9FC3-D43E-CAF3A9C5CCAD}.Release|Any CPU.Build.0 = Release|Any CPU
	EndGlobalSection
	GlobalSection(SolutionProperties) = preSolution
		HideSolutionNode = FALSE
	EndGlobalSection
	GlobalSection(MonoDevelopProperties) = preSolution
		StartupItem = Assembly-CSharp.csproj
	EndGlobalSection
EndGlobal
